
Microsoft Visual Studio Solution File, Format Version 12.00
Project("{FAE04EC0-301F-11D3-BF4B-00C04F79EFBC}") = "LibEternal", "LibEternal\LibEternal.csproj", "{77CDCD9C-1D4A-43A4-9262-D6FF3B25B33B}"
EndProject
Project("{FAE04EC0-301F-11D3-BF4B-00C04F79EFBC}") = "LibEternal.Unity", "LibEternal.Unity\LibEternal.Unity.csproj", "{95C79D97-B22A-4A8E-93B5-3AFAF52137C0}"
EndProject
Project("{FAE04EC0-301F-11D3-BF4B-00C04F79EFBC}") = "LibEternal.Unity.Editor", "LibEternal.Unity.Editor\LibEternal.Unity.Editor.csproj", "{7469D2A4-37D9-4F7B-9250-09B10B21AC71}"
EndProject
Project("{FAE04EC0-301F-11D3-BF4B-00C04F79EFBC}") = "LibEternal.Testing", "LibEternal.Testing\LibEternal.Testing.csproj", "{1E8CD2C8-8749-4EED-9076-7C5EA8490454}"
EndProject
Project("{FAE04EC0-301F-11D3-BF4B-00C04F79EFBC}") = "LibEternal.Tests", "LibEternal.Tests\LibEternal.Tests.csproj", "{609C6E8B-0496-4D49-815E-44C15515E860}"
EndProject
Global
	GlobalSection(SolutionConfigurationPlatforms) = preSolution
		Debug|Any CPU = Debug|Any CPU
		Release|Any CPU = Release|Any CPU
	EndGlobalSection
	GlobalSection(ProjectConfigurationPlatforms) = postSolution
		{77CDCD9C-1D4A-43A4-9262-D6FF3B25B33B}.Debug|Any CPU.ActiveCfg = Debug|Any CPU
		{77CDCD9C-1D4A-43A4-9262-D6FF3B25B33B}.Debug|Any CPU.Build.0 = Debug|Any CPU
		{77CDCD9C-1D4A-43A4-9262-D6FF3B25B33B}.Release|Any CPU.ActiveCfg = Release|Any CPU
		{77CDCD9C-1D4A-43A4-9262-D6FF3B25B33B}.Release|Any CPU.Build.0 = Release|Any CPU
		{95C79D97-B22A-4A8E-93B5-3AFAF52137C0}.Debug|Any CPU.ActiveCfg = Debug|Any CPU
		{95C79D97-B22A-4A8E-93B5-3AFAF52137C0}.Debug|Any CPU.Build.0 = Debug|Any CPU
		{95C79D97-B22A-4A8E-93B5-3AFAF52137C0}.Release|Any CPU.ActiveCfg = Release|Any CPU
		{95C79D97-B22A-4A8E-93B5-3AFAF52137C0}.Release|Any CPU.Build.0 = Release|Any CPU
		{7469D2A4-37D9-4F7B-9250-09B10B21AC71}.Debug|Any CPU.ActiveCfg = Debug|Any CPU
		{7469D2A4-37D9-4F7B-9250-09B10B21AC71}.Debug|Any CPU.Build.0 = Debug|Any CPU
		{7469D2A4-37D9-4F7B-9250-09B10B21AC71}.Release|Any CPU.ActiveCfg = Release|Any CPU
		{7469D2A4-37D9-4F7B-9250-09B10B21AC71}.Release|Any CPU.Build.0 = Release|Any CPU
		{1E8CD2C8-8749-4EED-9076-7C5EA8490454}.Debug|Any CPU.ActiveCfg = Debug|Any CPU
		{1E8CD2C8-8749-4EED-9076-7C5EA8490454}.Debug|Any CPU.Build.0 = Debug|Any CPU
		{1E8CD2C8-8749-4EED-9076-7C5EA8490454}.Release|Any CPU.ActiveCfg = Release|Any CPU
		{1E8CD2C8-8749-4EED-9076-7C5EA8490454}.Release|Any CPU.Build.0 = Release|Any CPU
		{609C6E8B-0496-4D49-815E-44C15515E860}.Debug|Any CPU.ActiveCfg = Debug|Any CPU
		{609C6E8B-0496-4D49-815E-44C15515E860}.Debug|Any CPU.Build.0 = Debug|Any CPU
		{609C6E8B-0496-4D49-815E-44C15515E860}.Release|Any CPU.ActiveCfg = Release|Any CPU
		{609C6E8B-0496-4D49-815E-44C15515E860}.Release|Any CPU.Build.0 = Release|Any CPU
	EndGlobalSection
EndGlobal
